{
  "name": "match-c",
  "version": "1.0.0",
  "lockfileVersion": 1,
  "requires": true,
  "dependencies": {
    "@types/node": {
      "version": "11.11.2",
      "resolved": "https://registry.npmjs.org/@types/node/-/node-11.11.2.tgz",
      "integrity": "sha512-iEaHiDNkHv4Jrm9O5T37OYEUwjJesiyt6ZlhLFK0sbo4CLD0jyCOB4Pc2F9iD3MbW2397SLNxZKdDGntGaBjQQ==",
      "dev": true
    },
    "typescript": {
      "version": "3.3.3333",
      "resolved": "https://registry.npmjs.org/typescript/-/typescript-3.3.3333.tgz",
      "integrity": "sha512-JjSKsAfuHBE/fB2oZ8NxtRTk5iGcg6hkYXMnZ3Wc+b2RSqejEqTaem11mHASMnFilHrax3sLK0GDzcJrekZYLw==",
      "dev": true
    }
  }
}
